
Microsoft Visual Studio Solution File, Format Version 12.00
# Visual Studio Version 16
VisualStudioVersion = 16.6.30114.105
MinimumVisualStudioVersion = 10.0.40219.1
Project("{FAE04EC0-301F-11D3-BF4B-00C04F79EFBC}") = "R5T.T0118", "R5T.T0118\R5T.T0118.csproj", "{3E91FE5D-ECF6-4BC0-BF23-4229C01350F4}"
EndProject
Project("{2150E333-8FDC-42A3-9474-1A3956D46DE8}") = "_Dependencies", "_Dependencies", "{54DB6F82-B003-448A-8D22-E297744B94F4}"
EndProject
Project("{9A19103F-16F7-4668-BE54-9A1E7A4F7556}") = "R5T.L0013", "..\..\R5T.L0013\source\R5T.L0013\R5T.L0013.csproj", "{8B94B0C2-A644-40F7-A7A4-9A74057618D4}"
EndProject
Project("{9A19103F-16F7-4668-BE54-9A1E7A4F7556}") = "R5T.T0143", "..\..\R5T.T0143\source\R5T.T0143\R5T.T0143.csproj", "{604C73A1-448E-4371-B4A7-43F4B5A6A5C3}"
EndProject
Global
	GlobalSection(NestedProjects) = preSolution
		{8B94B0C2-A644-40F7-A7A4-9A74057618D4} = {54DB6F82-B003-448A-8D22-E297744B94F4}
		{604C73A1-448E-4371-B4A7-43F4B5A6A5C3} = {54DB6F82-B003-448A-8D22-E297744B94F4}
	EndGlobalSection
	GlobalSection(SolutionConfigurationPlatforms) = preSolution
		Debug|Any CPU = Debug|Any CPU
		Debug|x64 = Debug|x64
		Debug|x86 = Debug|x86
		Release|Any CPU = Release|Any CPU
		Release|x64 = Release|x64
		Release|x86 = Release|x86
	EndGlobalSection
	GlobalSection(ProjectConfigurationPlatforms) = postSolution
		{3E91FE5D-ECF6-4BC0-BF23-4229C01350F4}.Debug|Any CPU.ActiveCfg = Debug|Any CPU
		{3E91FE5D-ECF6-4BC0-BF23-4229C01350F4}.Debug|Any CPU.Build.0 = Debug|Any CPU
		{3E91FE5D-ECF6-4BC0-BF23-4229C01350F4}.Debug|x64.ActiveCfg = Debug|Any CPU
		{3E91FE5D-ECF6-4BC0-BF23-4229C01350F4}.Debug|x64.Build.0 = Debug|Any CPU
		{3E91FE5D-ECF6-4BC0-BF23-4229C01350F4}.Debug|x86.ActiveCfg = Debug|Any CPU
		{3E91FE5D-ECF6-4BC0-BF23-4229C01350F4}.Debug|x86.Build.0 = Debug|Any CPU
		{3E91FE5D-ECF6-4BC0-BF23-4229C01350F4}.Release|Any CPU.ActiveCfg = Release|Any CPU
		{3E91FE5D-ECF6-4BC0-BF23-4229C01350F4}.Release|Any CPU.Build.0 = Release|Any CPU
		{3E91FE5D-ECF6-4BC0-BF23-4229C01350F4}.Release|x64.ActiveCfg = Release|Any CPU
		{3E91FE5D-ECF6-4BC0-BF23-4229C01350F4}.Release|x64.Build.0 = Release|Any CPU
		{3E91FE5D-ECF6-4BC0-BF23-4229C01350F4}.Release|x86.ActiveCfg = Release|Any CPU
		{3E91FE5D-ECF6-4BC0-BF23-4229C01350F4}.Release|x86.Build.0 = Release|Any CPU
		{8B94B0C2-A644-40F7-A7A4-9A74057618D4}.Debug|Any CPU.ActiveCfg = Debug|Any CPU
		{8B94B0C2-A644-40F7-A7A4-9A74057618D4}.Debug|Any CPU.Build.0 = Debug|Any CPU
		{8B94B0C2-A644-40F7-A7A4-9A74057618D4}.Debug|x64.ActiveCfg = Debug|Any CPU
		{8B94B0C2-A644-40F7-A7A4-9A74057618D4}.Debug|x64.Build.0 = Debug|Any CPU
		{8B94B0C2-A644-40F7-A7A4-9A74057618D4}.Debug|x86.ActiveCfg = Debug|Any CPU
		{8B94B0C2-A644-40F7-A7A4-9A74057618D4}.Debug|x86.Build.0 = Debug|Any CPU
		{8B94B0C2-A644-40F7-A7A4-9A74057618D4}.Release|Any CPU.ActiveCfg = Release|Any CPU
		{8B94B0C2-A644-40F7-A7A4-9A74057618D4}.Release|Any CPU.Build.0 = Release|Any CPU
		{8B94B0C2-A644-40F7-A7A4-9A74057618D4}.Release|x64.ActiveCfg = Release|Any CPU
		{8B94B0C2-A644-40F7-A7A4-9A74057618D4}.Release|x64.Build.0 = Release|Any CPU
		{8B94B0C2-A644-40F7-A7A4-9A74057618D4}.Release|x86.ActiveCfg = Release|Any CPU
		{8B94B0C2-A644-40F7-A7A4-9A74057618D4}.Release|x86.Build.0 = Release|Any CPU
		{604C73A1-448E-4371-B4A7-43F4B5A6A5C3}.Debug|Any CPU.ActiveCfg = Debug|Any CPU
		{604C73A1-448E-4371-B4A7-43F4B5A6A5C3}.Debug|Any CPU.Build.0 = Debug|Any CPU
		{604C73A1-448E-4371-B4A7-43F4B5A6A5C3}.Debug|x64.ActiveCfg = Debug|Any CPU
		{604C73A1-448E-4371-B4A7-43F4B5A6A5C3}.Debug|x64.Build.0 = Debug|Any CPU
		{604C73A1-448E-4371-B4A7-43F4B5A6A5C3}.Debug|x86.ActiveCfg = Debug|Any CPU
		{604C73A1-448E-4371-B4A7-43F4B5A6A5C3}.Debug|x86.Build.0 = Debug|Any CPU
		{604C73A1-448E-4371-B4A7-43F4B5A6A5C3}.Release|Any CPU.ActiveCfg = Release|Any CPU
		{604C73A1-448E-4371-B4A7-43F4B5A6A5C3}.Release|Any CPU.Build.0 = Release|Any CPU
		{604C73A1-448E-4371-B4A7-43F4B5A6A5C3}.Release|x64.ActiveCfg = Release|Any CPU
		{604C73A1-448E-4371-B4A7-43F4B5A6A5C3}.Release|x64.Build.0 = Release|Any CPU
		{604C73A1-448E-4371-B4A7-43F4B5A6A5C3}.Release|x86.ActiveCfg = Release|Any CPU
		{604C73A1-448E-4371-B4A7-43F4B5A6A5C3}.Release|x86.Build.0 = Release|Any CPU
	EndGlobalSection
	GlobalSection(SolutionProperties) = preSolution
		HideSolutionNode = FALSE
	EndGlobalSection
EndGlobal
