
Microsoft Visual Studio Solution File, Format Version 12.00
# Visual Studio Version 16
VisualStudioVersion = 16.6.30114.105
MinimumVisualStudioVersion = 10.0.40219.1
Project("{FAE04EC0-301F-11D3-BF4B-00C04F79EFBC}") = "R5T.T0118.Construction", "R5T.T0118.Construction\R5T.T0118.Construction.csproj", "{382A4F31-065B-48F2-9D4A-181E67075C18}"
EndProject
Project("{FAE04EC0-301F-11D3-BF4B-00C04F79EFBC}") = "R5T.T0118", "R5T.T0118\R5T.T0118.csproj", "{D600C457-E6A0-424A-8332-9527E66BE6D7}"
EndProject
Project("{2150E333-8FDC-42A3-9474-1A3956D46DE8}") = "_Dependencies", "_Dependencies", "{3FCAEE06-F354-4C57-B707-741EFC353CC0}"
EndProject
Project("{9A19103F-16F7-4668-BE54-9A1E7A4F7556}") = "R5T.L0013", "..\..\R5T.L0013\source\R5T.L0013\R5T.L0013.csproj", "{644DF3BA-D90D-446B-8F88-1F68A7C0F5D0}"
EndProject
Project("{9A19103F-16F7-4668-BE54-9A1E7A4F7556}") = "R5T.T0143", "..\..\R5T.T0143\source\R5T.T0143\R5T.T0143.csproj", "{76C5D327-B7B5-478C-9124-D87F23488702}"
EndProject
Global
	GlobalSection(NestedProjects) = preSolution
		{644DF3BA-D90D-446B-8F88-1F68A7C0F5D0} = {3FCAEE06-F354-4C57-B707-741EFC353CC0}
		{76C5D327-B7B5-478C-9124-D87F23488702} = {3FCAEE06-F354-4C57-B707-741EFC353CC0}
	EndGlobalSection
	GlobalSection(SolutionConfigurationPlatforms) = preSolution
		Debug|Any CPU = Debug|Any CPU
		Debug|x64 = Debug|x64
		Debug|x86 = Debug|x86
		Release|Any CPU = Release|Any CPU
		Release|x64 = Release|x64
		Release|x86 = Release|x86
	EndGlobalSection
	GlobalSection(ProjectConfigurationPlatforms) = postSolution
		{382A4F31-065B-48F2-9D4A-181E67075C18}.Debug|Any CPU.ActiveCfg = Debug|Any CPU
		{382A4F31-065B-48F2-9D4A-181E67075C18}.Debug|Any CPU.Build.0 = Debug|Any CPU
		{382A4F31-065B-48F2-9D4A-181E67075C18}.Debug|x64.ActiveCfg = Debug|Any CPU
		{382A4F31-065B-48F2-9D4A-181E67075C18}.Debug|x64.Build.0 = Debug|Any CPU
		{382A4F31-065B-48F2-9D4A-181E67075C18}.Debug|x86.ActiveCfg = Debug|Any CPU
		{382A4F31-065B-48F2-9D4A-181E67075C18}.Debug|x86.Build.0 = Debug|Any CPU
		{382A4F31-065B-48F2-9D4A-181E67075C18}.Release|Any CPU.ActiveCfg = Release|Any CPU
		{382A4F31-065B-48F2-9D4A-181E67075C18}.Release|Any CPU.Build.0 = Release|Any CPU
		{382A4F31-065B-48F2-9D4A-181E67075C18}.Release|x64.ActiveCfg = Release|Any CPU
		{382A4F31-065B-48F2-9D4A-181E67075C18}.Release|x64.Build.0 = Release|Any CPU
		{382A4F31-065B-48F2-9D4A-181E67075C18}.Release|x86.ActiveCfg = Release|Any CPU
		{382A4F31-065B-48F2-9D4A-181E67075C18}.Release|x86.Build.0 = Release|Any CPU
		{D600C457-E6A0-424A-8332-9527E66BE6D7}.Debug|Any CPU.ActiveCfg = Debug|Any CPU
		{D600C457-E6A0-424A-8332-9527E66BE6D7}.Debug|Any CPU.Build.0 = Debug|Any CPU
		{D600C457-E6A0-424A-8332-9527E66BE6D7}.Debug|x64.ActiveCfg = Debug|Any CPU
		{D600C457-E6A0-424A-8332-9527E66BE6D7}.Debug|x64.Build.0 = Debug|Any CPU
		{D600C457-E6A0-424A-8332-9527E66BE6D7}.Debug|x86.ActiveCfg = Debug|Any CPU
		{D600C457-E6A0-424A-8332-9527E66BE6D7}.Debug|x86.Build.0 = Debug|Any CPU
		{D600C457-E6A0-424A-8332-9527E66BE6D7}.Release|Any CPU.ActiveCfg = Release|Any CPU
		{D600C457-E6A0-424A-8332-9527E66BE6D7}.Release|Any CPU.Build.0 = Release|Any CPU
		{D600C457-E6A0-424A-8332-9527E66BE6D7}.Release|x64.ActiveCfg = Release|Any CPU
		{D600C457-E6A0-424A-8332-9527E66BE6D7}.Release|x64.Build.0 = Release|Any CPU
		{D600C457-E6A0-424A-8332-9527E66BE6D7}.Release|x86.ActiveCfg = Release|Any CPU
		{D600C457-E6A0-424A-8332-9527E66BE6D7}.Release|x86.Build.0 = Release|Any CPU
		{644DF3BA-D90D-446B-8F88-1F68A7C0F5D0}.Debug|Any CPU.ActiveCfg = Debug|Any CPU
		{644DF3BA-D90D-446B-8F88-1F68A7C0F5D0}.Debug|Any CPU.Build.0 = Debug|Any CPU
		{644DF3BA-D90D-446B-8F88-1F68A7C0F5D0}.Debug|x64.ActiveCfg = Debug|Any CPU
		{644DF3BA-D90D-446B-8F88-1F68A7C0F5D0}.Debug|x64.Build.0 = Debug|Any CPU
		{644DF3BA-D90D-446B-8F88-1F68A7C0F5D0}.Debug|x86.ActiveCfg = Debug|Any CPU
		{644DF3BA-D90D-446B-8F88-1F68A7C0F5D0}.Debug|x86.Build.0 = Debug|Any CPU
		{644DF3BA-D90D-446B-8F88-1F68A7C0F5D0}.Release|Any CPU.ActiveCfg = Release|Any CPU
		{644DF3BA-D90D-446B-8F88-1F68A7C0F5D0}.Release|Any CPU.Build.0 = Release|Any CPU
		{644DF3BA-D90D-446B-8F88-1F68A7C0F5D0}.Release|x64.ActiveCfg = Release|Any CPU
		{644DF3BA-D90D-446B-8F88-1F68A7C0F5D0}.Release|x64.Build.0 = Release|Any CPU
		{644DF3BA-D90D-446B-8F88-1F68A7C0F5D0}.Release|x86.ActiveCfg = Release|Any CPU
		{644DF3BA-D90D-446B-8F88-1F68A7C0F5D0}.Release|x86.Build.0 = Release|Any CPU
		{76C5D327-B7B5-478C-9124-D87F23488702}.Debug|Any CPU.ActiveCfg = Debug|Any CPU
		{76C5D327-B7B5-478C-9124-D87F23488702}.Debug|Any CPU.Build.0 = Debug|Any CPU
		{76C5D327-B7B5-478C-9124-D87F23488702}.Debug|x64.ActiveCfg = Debug|Any CPU
		{76C5D327-B7B5-478C-9124-D87F23488702}.Debug|x64.Build.0 = Debug|Any CPU
		{76C5D327-B7B5-478C-9124-D87F23488702}.Debug|x86.ActiveCfg = Debug|Any CPU
		{76C5D327-B7B5-478C-9124-D87F23488702}.Debug|x86.Build.0 = Debug|Any CPU
		{76C5D327-B7B5-478C-9124-D87F23488702}.Release|Any CPU.ActiveCfg = Release|Any CPU
		{76C5D327-B7B5-478C-9124-D87F23488702}.Release|Any CPU.Build.0 = Release|Any CPU
		{76C5D327-B7B5-478C-9124-D87F23488702}.Release|x64.ActiveCfg = Release|Any CPU
		{76C5D327-B7B5-478C-9124-D87F23488702}.Release|x64.Build.0 = Release|Any CPU
		{76C5D327-B7B5-478C-9124-D87F23488702}.Release|x86.ActiveCfg = Release|Any CPU
		{76C5D327-B7B5-478C-9124-D87F23488702}.Release|x86.Build.0 = Release|Any CPU
	EndGlobalSection
	GlobalSection(SolutionProperties) = preSolution
		HideSolutionNode = FALSE
	EndGlobalSection
EndGlobal
